{
  "name": "feature-sorting",
  "version": "1.0.0",
  "lockfileVersion": 1,
  "requires": true,
  "dependencies": {
    "@types/arcgis-js-api": {
      "version": "http://localhost/arcgis-js-sdk-4/build-artifacts-scratch/data/api-reference/typings/arcgis-js-api-4.21.tgz",
      "integrity": "sha512-cipmiXlHZGa3u69HLrPCW0nE41N/dXAeMF5GRS55/xWITt5xx4866sz+vcDEVd1rQkxI/5C+AlOMQB2+gNVvIg==",
      "dev": true
    }
  }
}
