{
  "name": "feature-sorting",
  "version": "1.0.0",
  "lockfileVersion": 1,
  "requires": true,
  "dependencies": {
    "@types/arcgis-js-api": {
      "version": "http://localhost/arcgis-js-sdk-4/build-artifacts-scratch/data/api-reference/typings/arcgis-js-api-4.21.tgz",
      "integrity": "sha512-rcqZWui7qIMW2KZngMbKqJkCR7V6pl08kAZ7OFJKTuOrrvycEN4E5hCXS585HFft98T1+O57EC1THKaGzBSfsw==",
      "dev": true
    }
  }
}
